
Microsoft Visual Studio Solution File, Format Version 12.00
# Visual Studio Version 17
VisualStudioVersion = 17.8.34330.188
MinimumVisualStudioVersion = 10.0.40219.1
Project("{FAE04EC0-301F-11D3-BF4B-00C04F79EFBC}") = "Event planner", "Event planner\Event planner.csproj", "{BC08494B-71F5-4F52-95F1-6D92929B3A79}"
EndProject
Global
	GlobalSection(SolutionConfigurationPlatforms) = preSolution
		Debug|Any CPU = Debug|Any CPU
		Release|Any CPU = Release|Any CPU
	EndGlobalSection
	GlobalSection(ProjectConfigurationPlatforms) = postSolution
		{BC08494B-71F5-4F52-95F1-6D92929B3A79}.Debug|Any CPU.ActiveCfg = Debug|Any CPU
		{BC08494B-71F5-4F52-95F1-6D92929B3A79}.Debug|Any CPU.Build.0 = Debug|Any CPU
		{BC08494B-71F5-4F52-95F1-6D92929B3A79}.Release|Any CPU.ActiveCfg = Release|Any CPU
		{BC08494B-71F5-4F52-95F1-6D92929B3A79}.Release|Any CPU.Build.0 = Release|Any CPU
	EndGlobalSection
	GlobalSection(SolutionProperties) = preSolution
		HideSolutionNode = FALSE
	EndGlobalSection
	GlobalSection(ExtensibilityGlobals) = postSolution
		SolutionGuid = {3150C27A-7F76-4C2F-A7C5-214ADB2BA73F}
	EndGlobalSection
EndGlobal
